<Solution>
  <Project Path="Assembly-CSharp.csproj" />
  <Project Path="CFXRRuntime.csproj" />
  <Project Path="CFXREditor.csproj" />
  <Project Path="GlitchShaderGUI.csproj" />
  <Project Path="GimmeBattleTransitions.Runtime.csproj" />
  <Project Path="CFXR.WelcomeScreen.csproj" />
  <Project Path="CFXRDemo.csproj" />
  <Project Path="ToonyColorsPro.Demo.Editor.csproj" />
  <Project Path="Assembly-CSharp-Editor.csproj" />
  <Project Path="URPGlitch.csproj" />
  <Project Path="PlayMode.csproj" />
  <Project Path="GimmeBattleTransitions.Samples.csproj" />
  <Project Path="KinoBloom.Runtime.csproj" />
  <Project Path="TheFallOfBlackDeath.Tests.EditMode.csproj" />
  <Project Path="TheFallOfBlackDeath.Tests.PlayMode.csproj" />
</Solution>
